// !$*UTF8*$!
{
	archiveVersion = 1;
	classes = {
	};
	objectVersion = 77;
	objects = {

/* Begin PBXBuildFile section */
		3530C0922F629EB3004AEA05 /* FirebaseAI in Frameworks */ = {isa = PBXBuildFile; productRef = 3530C0912F629EB3004AEA05 /* FirebaseAI */; };
		3530C0942F629EB3004AEA05 /* FirebaseAILogic in Frameworks */ = {isa = PBXBuildFile; productRef = 3530C0932F629EB3004AEA05 /* FirebaseAILogic */; };
		3530C0962F629EB3004AEA05 /* FirebaseAnalytics in Frameworks */ = {isa = PBXBuildFile; productRef = 3530C0952F629EB3004AEA05 /* FirebaseAnalytics */; };
		3530C0982F629EB3004AEA05 /* FirebaseAnalyticsCore in Frameworks */ = {isa = PBXBuildFile; productRef = 3530C0972F629EB3004AEA05 /* FirebaseAnalyticsCore */; };
		3530C09A2F629EB3004AEA05 /* FirebaseAnalyticsIdentitySupport in Frameworks */ = {isa = PBXBuildFile; productRef = 3530C0992F629EB3004AEA05 /* FirebaseAnalyticsIdentitySupport */; };
		3530C09C2F629EB3004AEA05 /* FirebaseAppCheck in Frameworks */ = {isa = PBXBuildFile; productRef = 3530C09B2F629EB3004AEA05 /* FirebaseAppCheck */; };
		3530C09E2F629EB3004AEA05 /* FirebaseAppDistribution-Beta in Frameworks */ = {isa = PBXBuildFile; productRef = 3530C09D2F629EB3004AEA05 /* FirebaseAppDistribution-Beta */; };
		3530C0A02F629EB3004AEA05 /* FirebaseAuth in Frameworks */ = {isa = PBXBuildFile; productRef = 3530C09F2F629EB3004AEA05 /* FirebaseAuth */; };
		3530C0A22F629EB3004AEA05 /* FirebaseAuthCombine-Community in Frameworks */ = {isa = PBXBuildFile; productRef = 3530C0A12F629EB3004AEA05 /* FirebaseAuthCombine-Community */; };
		3530C0A42F629EB3004AEA05 /* FirebaseCore in Frameworks */ = {isa = PBXBuildFile; productRef = 3530C0A32F629EB3004AEA05 /* FirebaseCore */; };
		3530C0A62F629EB3004AEA05 /* FirebaseCrashlytics in Frameworks */ = {isa = PBXBuildFile; productRef = 3530C0A52F629EB3004AEA05 /* FirebaseCrashlytics */; };
		3530C0A82F629EB3004AEA05 /* FirebaseDatabase in Frameworks */ = {isa = PBXBuildFile; productRef = 3530C0A72F629EB3004AEA05 /* FirebaseDatabase */; };
		3530C0AA2F629EB3004AEA05 /* FirebaseFirestore in Frameworks */ = {isa = PBXBuildFile; productRef = 3530C0A92F629EB3004AEA05 /* FirebaseFirestore */; };
		3530C0AC2F629EB3004AEA05 /* FirebaseFirestoreCombine-Community in Frameworks */ = {isa = PBXBuildFile; productRef = 3530C0AB2F629EB3004AEA05 /* FirebaseFirestoreCombine-Community */; };
		3530C0AE2F629EB4004AEA05 /* FirebaseFunctions in Frameworks */ = {isa = PBXBuildFile; productRef = 3530C0AD2F629EB4004AEA05 /* FirebaseFunctions */; };
		3530C0B02F629EB4004AEA05 /* FirebaseFunctionsCombine-Community in Frameworks */ = {isa = PBXBuildFile; productRef = 3530C0AF2F629EB4004AEA05 /* FirebaseFunctionsCombine-Community */; };
		3530C0B42F629EB4004AEA05 /* FirebaseInstallations in Frameworks */ = {isa = PBXBuildFile; productRef = 3530C0B32F629EB4004AEA05 /* FirebaseInstallations */; };
		3530C0B62F629EB4004AEA05 /* FirebaseMLModelDownloader in Frameworks */ = {isa = PBXBuildFile; productRef = 3530C0B52F629EB4004AEA05 /* FirebaseMLModelDownloader */; };
		3530C0B82F629EB4004AEA05 /* FirebaseMessaging in Frameworks */ = {isa = PBXBuildFile; productRef = 3530C0B72F629EB4004AEA05 /* FirebaseMessaging */; };
		3530C0BA2F629EB4004AEA05 /* FirebasePerformance in Frameworks */ = {isa = PBXBuildFile; productRef = 3530C0B92F629EB4004AEA05 /* FirebasePerformance */; };
		3530C0BC2F629EB4004AEA05 /* FirebaseRemoteConfig in Frameworks */ = {isa = PBXBuildFile; productRef = 3530C0BB2F629EB4004AEA05 /* FirebaseRemoteConfig */; };
		3530C0BE2F629EB4004AEA05 /* FirebaseStorage in Frameworks */ = {isa = PBXBuildFile; productRef = 3530C0BD2F629EB4004AEA05 /* FirebaseStorage */; };
		3530C0C02F629EB4004AEA05 /* FirebaseStorageCombine-Community in Frameworks */ = {isa = PBXBuildFile; productRef = 3530C0BF2F629EB4004AEA05 /* FirebaseStorageCombine-Community */; };
		357AFAEB2F631C45001CFB26 /* SwiftFormat in Frameworks */ = {isa = PBXBuildFile; productRef = 357AFAEA2F631C45001CFB26 /* SwiftFormat */; };
		357AFAF92F632A3B001CFB26 /* WidgetKit.framework in Frameworks */ = {isa = PBXBuildFile; fileRef = 357AFAF82F632A3B001CFB26 /* WidgetKit.framework */; };
		357AFAFB2F632A3B001CFB26 /* SwiftUI.framework in Frameworks */ = {isa = PBXBuildFile; fileRef = 357AFAFA2F632A3B001CFB26 /* SwiftUI.framework */; };
		357AFB082F632A3C001CFB26 /* mycalenderwidgetExtension.appex in Embed Foundation Extensions */ = {isa = PBXBuildFile; fileRef = 357AFAF62F632A3B001CFB26 /* mycalenderwidgetExtension.appex */; settings = {ATTRIBUTES = (RemoveHeadersOnCopy, ); }; };
/* End PBXBuildFile section */

/* Begin PBXContainerItemProxy section */
		357AFB062F632A3C001CFB26 /* PBXContainerItemProxy */ = {
			isa = PBXContainerItemProxy;
			containerPortal = 3530C07A2F629E3D004AEA05 /* Project object */;
			proxyType = 1;
			remoteGlobalIDString = 357AFAF52F632A3B001CFB26;
			remoteInfo = mycalenderwidgetExtension;
		};
/* End PBXContainerItemProxy section */

/* Begin PBXCopyFilesBuildPhase section */
		357AFB0D2F632A3C001CFB26 /* Embed Foundation Extensions */ = {
			isa = PBXCopyFilesBuildPhase;
			buildActionMask = 2147483647;
			dstPath = "";
			dstSubfolderSpec = 13;
			files = (
				357AFB082F632A3C001CFB26 /* mycalenderwidgetExtension.appex in Embed Foundation Extensions */,
			);
			name = "Embed Foundation Extensions";
			runOnlyForDeploymentPostprocessing = 0;
		};
/* End PBXCopyFilesBuildPhase section */

/* Begin PBXFileReference section */
		3530C0822F629E3D004AEA05 /* MyCalender.app */ = {isa = PBXFileReference; explicitFileType = wrapper.application; includeInIndex = 0; path = MyCalender.app; sourceTree = BUILT_PRODUCTS_DIR; };
		357AFAEE2F6329F2001CFB26 /* Shared */ = {isa = PBXFileReference; lastKnownFileType = wrapper; path = Shared; sourceTree = "<group>"; };
		357AFAF62F632A3B001CFB26 /* mycalenderwidgetExtension.appex */ = {isa = PBXFileReference; explicitFileType = "wrapper.app-extension"; includeInIndex = 0; path = mycalenderwidgetExtension.appex; sourceTree = BUILT_PRODUCTS_DIR; };
		357AFAF82F632A3B001CFB26 /* WidgetKit.framework */ = {isa = PBXFileReference; lastKnownFileType = wrapper.framework; name = WidgetKit.framework; path = System/Library/Frameworks/WidgetKit.framework; sourceTree = SDKROOT; };
		357AFAFA2F632A3B001CFB26 /* SwiftUI.framework */ = {isa = PBXFileReference; lastKnownFileType = wrapper.framework; name = SwiftUI.framework; path = System/Library/Frameworks/SwiftUI.framework; sourceTree = SDKROOT; };
/* End PBXFileReference section */

/* Begin PBXFileSystemSynchronizedBuildFileExceptionSet section */
		357AFB092F632A3C001CFB26 /* Exceptions for "mycalenderwidget" folder in "mycalenderwidgetExtension" target */ = {
			isa = PBXFileSystemSynchronizedBuildFileExceptionSet;
			membershipExceptions = (
				Info.plist,
			);
			target = 357AFAF52F632A3B001CFB26 /* mycalenderwidgetExtension */;
		};
		357AFBD42F646670001CFB26 /* Exceptions for "MyCalender" folder in "MyCalender" target */ = {
			isa = PBXFileSystemSynchronizedBuildFileExceptionSet;
			membershipExceptions = (
				Info.plist,
			);
			target = 3530C0812F629E3D004AEA05 /* MyCalender */;
		};
/* End PBXFileSystemSynchronizedBuildFileExceptionSet section */

/* Begin PBXFileSystemSynchronizedRootGroup section */
		3530C0842F629E3D004AEA05 /* MyCalender */ = {
			isa = PBXFileSystemSynchronizedRootGroup;
			exceptions = (
				357AFBD42F646670001CFB26 /* Exceptions for "MyCalender" folder in "MyCalender" target */,
			);
			path = MyCalender;
			sourceTree = "<group>";
		};
		357AFAFC2F632A3B001CFB26 /* mycalenderwidget */ = {
			isa = PBXFileSystemSynchronizedRootGroup;
			exceptions = (
				357AFB092F632A3C001CFB26 /* Exceptions for "mycalenderwidget" folder in "mycalenderwidgetExtension" target */,
			);
			path = mycalenderwidget;
			sourceTree = "<group>";
		};
/* End PBXFileSystemSynchronizedRootGroup section */

/* Begin PBXFrameworksBuildPhase section */
		3530C07F2F629E3D004AEA05 /* Frameworks */ = {
			isa = PBXFrameworksBuildPhase;
			buildActionMask = 2147483647;
			files = (
				3530C09E2F629EB3004AEA05 /* FirebaseAppDistribution-Beta in Frameworks */,
				357AFAEB2F631C45001CFB26 /* SwiftFormat in Frameworks */,
				3530C0AA2F629EB3004AEA05 /* FirebaseFirestore in Frameworks */,
				3530C0A22F629EB3004AEA05 /* FirebaseAuthCombine-Community in Frameworks */,
				3530C0B42F629EB4004AEA05 /* FirebaseInstallations in Frameworks */,
				3530C0942F629EB3004AEA05 /* FirebaseAILogic in Frameworks */,
				3530C09A2F629EB3004AEA05 /* FirebaseAnalyticsIdentitySupport in Frameworks */,
				3530C0922F629EB3004AEA05 /* FirebaseAI in Frameworks */,
				3530C0A62F629EB3004AEA05 /* FirebaseCrashlytics in Frameworks */,
				3530C0B02F629EB4004AEA05 /* FirebaseFunctionsCombine-Community in Frameworks */,
				3530C0C02F629EB4004AEA05 /* FirebaseStorageCombine-Community in Frameworks */,
				3530C0A82F629EB3004AEA05 /* FirebaseDatabase in Frameworks */,
				3530C0BE2F629EB4004AEA05 /* FirebaseStorage in Frameworks */,
				3530C0BC2F629EB4004AEA05 /* FirebaseRemoteConfig in Frameworks */,
				3530C0962F629EB3004AEA05 /* FirebaseAnalytics in Frameworks */,
				3530C0B82F629EB4004AEA05 /* FirebaseMessaging in Frameworks */,
				3530C0B62F629EB4004AEA05 /* FirebaseMLModelDownloader in Frameworks */,
				3530C0BA2F629EB4004AEA05 /* FirebasePerformance in Frameworks */,
				3530C0A42F629EB3004AEA05 /* FirebaseCore in Frameworks */,
				3530C09C2F629EB3004AEA05 /* FirebaseAppCheck in Frameworks */,
				3530C0982F629EB3004AEA05 /* FirebaseAnalyticsCore in Frameworks */,
				3530C0AE2F629EB4004AEA05 /* FirebaseFunctions in Frameworks */,
				3530C0A02F629EB3004AEA05 /* FirebaseAuth in Frameworks */,
				3530C0AC2F629EB3004AEA05 /* FirebaseFirestoreCombine-Community in Frameworks */,
			);
			runOnlyForDeploymentPostprocessing = 0;
		};
		357AFAF32F632A3B001CFB26 /* Frameworks */ = {
			isa = PBXFrameworksBuildPhase;
			buildActionMask = 2147483647;
			files = (
				357AFAFB2F632A3B001CFB26 /* SwiftUI.framework in Frameworks */,
				357AFAF92F632A3B001CFB26 /* WidgetKit.framework in Frameworks */,
			);
			runOnlyForDeploymentPostprocessing = 0;
		};
/* End PBXFrameworksBuildPhase section */

/* Begin PBXGroup section */
		3530C0792F629E3D004AEA05 = {
			isa = PBXGroup;
			children = (
				357AFAEE2F6329F2001CFB26 /* Shared */,
				3530C0842F629E3D004AEA05 /* MyCalender */,
				357AFAFC2F632A3B001CFB26 /* mycalenderwidget */,
				357AFAF72F632A3B001CFB26 /* Frameworks */,
				3530C0832F629E3D004AEA05 /* Products */,
			);
			sourceTree = "<group>";
		};
		3530C0832F629E3D004AEA05 /* Products */ = {
			isa = PBXGroup;
			children = (
				3530C0822F629E3D004AEA05 /* MyCalender.app */,
				357AFAF62F632A3B001CFB26 /* mycalenderwidgetExtension.appex */,
			);
			name = Products;
			sourceTree = "<group>";
		};
		357AFAF72F632A3B001CFB26 /* Frameworks */ = {
			isa = PBXGroup;
			children = (
				357AFAF82F632A3B001CFB26 /* WidgetKit.framework */,
				357AFAFA2F632A3B001CFB26 /* SwiftUI.framework */,
			);
			name = Frameworks;
			sourceTree = "<group>";
		};
/* End PBXGroup section */

/* Begin PBXNativeTarget section */
		3530C0812F629E3D004AEA05 /* MyCalender */ = {
			isa = PBXNativeTarget;
			buildConfigurationList = 3530C08D2F629E3F004AEA05 /* Build configuration list for PBXNativeTarget "MyCalender" */;
			buildPhases = (
				3530C07E2F629E3D004AEA05 /* Sources */,
				3530C07F2F629E3D004AEA05 /* Frameworks */,
				3530C0802F629E3D004AEA05 /* Resources */,
				357AFB0D2F632A3C001CFB26 /* Embed Foundation Extensions */,
			);
			buildRules = (
			);
			dependencies = (
				357AFB072F632A3C001CFB26 /* PBXTargetDependency */,
			);
			fileSystemSynchronizedGroups = (
				3530C0842F629E3D004AEA05 /* MyCalender */,
			);
			name = MyCalender;
			packageProductDependencies = (
				3530C0912F629EB3004AEA05 /* FirebaseAI */,
				3530C0932F629EB3004AEA05 /* FirebaseAILogic */,
				3530C0952F629EB3004AEA05 /* FirebaseAnalytics */,
				3530C0972F629EB3004AEA05 /* FirebaseAnalyticsCore */,
				3530C0992F629EB3004AEA05 /* FirebaseAnalyticsIdentitySupport */,
				3530C09B2F629EB3004AEA05 /* FirebaseAppCheck */,
				3530C09D2F629EB3004AEA05 /* FirebaseAppDistribution-Beta */,
				3530C09F2F629EB3004AEA05 /* FirebaseAuth */,
				3530C0A12F629EB3004AEA05 /* FirebaseAuthCombine-Community */,
				3530C0A32F629EB3004AEA05 /* FirebaseCore */,
				3530C0A52F629EB3004AEA05 /* FirebaseCrashlytics */,
				3530C0A72F629EB3004AEA05 /* FirebaseDatabase */,
				3530C0A92F629EB3004AEA05 /* FirebaseFirestore */,
				3530C0AB2F629EB3004AEA05 /* FirebaseFirestoreCombine-Community */,
				3530C0AD2F629EB4004AEA05 /* FirebaseFunctions */,
				3530C0AF2F629EB4004AEA05 /* FirebaseFunctionsCombine-Community */,
				3530C0B32F629EB4004AEA05 /* FirebaseInstallations */,
				3530C0B52F629EB4004AEA05 /* FirebaseMLModelDownloader */,
				3530C0B72F629EB4004AEA05 /* FirebaseMessaging */,
				3530C0B92F629EB4004AEA05 /* FirebasePerformance */,
				3530C0BB2F629EB4004AEA05 /* FirebaseRemoteConfig */,
				3530C0BD2F629EB4004AEA05 /* FirebaseStorage */,
				3530C0BF2F629EB4004AEA05 /* FirebaseStorageCombine-Community */,
				357AFAEA2F631C45001CFB26 /* SwiftFormat */,
			);
			productName = MyCalender;
			productReference = 3530C0822F629E3D004AEA05 /* MyCalender.app */;
			productType = "com.apple.product-type.application";
		};
		357AFAF52F632A3B001CFB26 /* mycalenderwidgetExtension */ = {
			isa = PBXNativeTarget;
			buildConfigurationList = 357AFB0A2F632A3C001CFB26 /* Build configuration list for PBXNativeTarget "mycalenderwidgetExtension" */;
			buildPhases = (
				357AFAF22F632A3B001CFB26 /* Sources */,
				357AFAF32F632A3B001CFB26 /* Frameworks */,
				357AFAF42F632A3B001CFB26 /* Resources */,
			);
			buildRules = (
			);
			dependencies = (
			);
			fileSystemSynchronizedGroups = (
				357AFAFC2F632A3B001CFB26 /* mycalenderwidget */,
			);
			name = mycalenderwidgetExtension;
			packageProductDependencies = (
			);
			productName = mycalenderwidgetExtension;
			productReference = 357AFAF62F632A3B001CFB26 /* mycalenderwidgetExtension.appex */;
			productType = "com.apple.product-type.app-extension";
		};
/* End PBXNativeTarget section */

/* Begin PBXProject section */
		3530C07A2F629E3D004AEA05 /* Project object */ = {
			isa = PBXProject;
			attributes = {
				BuildIndependentTargetsInParallel = 1;
				LastSwiftUpdateCheck = 2630;
				LastUpgradeCheck = 2640;
				TargetAttributes = {
					3530C0812F629E3D004AEA05 = {
						CreatedOnToolsVersion = 26.3;
					};
					357AFAF52F632A3B001CFB26 = {
						CreatedOnToolsVersion = 26.3;
					};
				};
			};
			buildConfigurationList = 3530C07D2F629E3D004AEA05 /* Build configuration list for PBXProject "MyCalender" */;
			developmentRegion = en;
			hasScannedForEncodings = 0;
			knownRegions = (
				en,
				Base,
			);
			mainGroup = 3530C0792F629E3D004AEA05;
			minimizedProjectReferenceProxies = 1;
			packageReferences = (
				3530C0902F629EB3004AEA05 /* XCRemoteSwiftPackageReference "firebase-ios-sdk" */,
				357AFAE92F631C45001CFB26 /* XCRemoteSwiftPackageReference "SwiftFormat" */,
			);
			preferredProjectObjectVersion = 77;
			productRefGroup = 3530C0832F629E3D004AEA05 /* Products */;
			projectDirPath = "";
			projectRoot = "";
			targets = (
				3530C0812F629E3D004AEA05 /* MyCalender */,
				357AFAF52F632A3B001CFB26 /* mycalenderwidgetExtension */,
			);
		};
/* End PBXProject section */

/* Begin PBXResourcesBuildPhase section */
		3530C0802F629E3D004AEA05 /* Resources */ = {
			isa = PBXResourcesBuildPhase;
			buildActionMask = 2147483647;
			files = (
			);
			runOnlyForDeploymentPostprocessing = 0;
		};
		357AFAF42F632A3B001CFB26 /* Resources */ = {
			isa = PBXResourcesBuildPhase;
			buildActionMask = 2147483647;
			files = (
			);
			runOnlyForDeploymentPostprocessing = 0;
		};
/* End PBXResourcesBuildPhase section */

/* Begin PBXSourcesBuildPhase section */
		3530C07E2F629E3D004AEA05 /* Sources */ = {
			isa = PBXSourcesBuildPhase;
			buildActionMask = 2147483647;
			files = (
			);
			runOnlyForDeploymentPostprocessing = 0;
		};
		357AFAF22F632A3B001CFB26 /* Sources */ = {
			isa = PBXSourcesBuildPhase;
			buildActionMask = 2147483647;
			files = (
			);
			runOnlyForDeploymentPostprocessing = 0;
		};
/* End PBXSourcesBuildPhase section */

/* Begin PBXTargetDependency section */
		357AFB072F632A3C001CFB26 /* PBXTargetDependency */ = {
			isa = PBXTargetDependency;
			target = 357AFAF52F632A3B001CFB26 /* mycalenderwidgetExtension */;
			targetProxy = 357AFB062F632A3C001CFB26 /* PBXContainerItemProxy */;
		};
/* End PBXTargetDependency section */

/* Begin XCBuildConfiguration section */
		3530C08B2F629E3F004AEA05 /* Debug */ = {
			isa = XCBuildConfiguration;
			buildSettings = {
				ALWAYS_SEARCH_USER_PATHS = NO;
				ASSETCATALOG_COMPILER_GENERATE_SWIFT_ASSET_SYMBOL_EXTENSIONS = YES;
				CLANG_ANALYZER_NONNULL = YES;
				CLANG_ANALYZER_NUMBER_OBJECT_CONVERSION = YES_AGGRESSIVE;
				CLANG_CXX_LANGUAGE_STANDARD = "gnu++20";
				CLANG_ENABLE_MODULES = YES;
				CLANG_ENABLE_OBJC_ARC = YES;
				CLANG_ENABLE_OBJC_WEAK = YES;
				CLANG_WARN_BLOCK_CAPTURE_AUTORELEASING = YES;
				CLANG_WARN_BOOL_CONVERSION = YES;
				CLANG_WARN_COMMA = YES;
				CLANG_WARN_CONSTANT_CONVERSION = YES;
				CLANG_WARN_DEPRECATED_OBJC_IMPLEMENTATIONS = YES;
				CLANG_WARN_DIRECT_OBJC_ISA_USAGE = YES_ERROR;
				CLANG_WARN_DOCUMENTATION_COMMENTS = YES;
				CLANG_WARN_EMPTY_BODY = YES;
				CLANG_WARN_ENUM_CONVERSION = YES;
				CLANG_WARN_INFINITE_RECURSION = YES;
				CLANG_WARN_INT_CONVERSION = YES;
				CLANG_WARN_NON_LITERAL_NULL_CONVERSION = YES;
				CLANG_WARN_OBJC_IMPLICIT_RETAIN_SELF = YES;
				CLANG_WARN_OBJC_LITERAL_CONVERSION = YES;
				CLANG_WARN_OBJC_ROOT_CLASS = YES_ERROR;
				CLANG_WARN_QUOTED_INCLUDE_IN_FRAMEWORK_HEADER = YES;
				CLANG_WARN_RANGE_LOOP_ANALYSIS = YES;
				CLANG_WARN_STRICT_PROTOTYPES = YES;
				CLANG_WARN_SUSPICIOUS_MOVE = YES;
				CLANG_WARN_UNGUARDED_AVAILABILITY = YES_AGGRESSIVE;
				CLANG_WARN_UNREACHABLE_CODE = YES;
				CLANG_WARN__DUPLICATE_METHOD_MATCH = YES;
				COPY_PHASE_STRIP = NO;
				DEBUG_INFORMATION_FORMAT = dwarf;
				DEVELOPMENT_TEAM = W8PA7WYQ5Z;
				ENABLE_STRICT_OBJC_MSGSEND = YES;
				ENABLE_TESTABILITY = YES;
				ENABLE_USER_SCRIPT_SANDBOXING = YES;
				GCC_C_LANGUAGE_STANDARD = gnu17;
				GCC_DYNAMIC_NO_PIC = NO;
				GCC_NO_COMMON_BLOCKS = YES;
				GCC_OPTIMIZATION_LEVEL = 0;
				GCC_PREPROCESSOR_DEFINITIONS = (
					"DEBUG=1",
					"$(inherited)",
				);
				GCC_WARN_64_TO_32_BIT_CONVERSION = YES;
				GCC_WARN_ABOUT_RETURN_TYPE = YES_ERROR;
				GCC_WARN_UNDECLARED_SELECTOR = YES;
				GCC_WARN_UNINITIALIZED_AUTOS = YES_AGGRESSIVE;
				GCC_WARN_UNUSED_FUNCTION = YES;
				GCC_WARN_UNUSED_VARIABLE = YES;
				IPHONEOS_DEPLOYMENT_TARGET = 18.0;
				LOCALIZATION_PREFERS_STRING_CATALOGS = YES;
				MTL_ENABLE_DEBUG_INFO = INCLUDE_SOURCE;
				MTL_FAST_MATH = YES;
				ONLY_ACTIVE_ARCH = YES;
				SDKROOT = iphoneos;
				STRING_CATALOG_GENERATE_SYMBOLS = YES;
				SWIFT_ACTIVE_COMPILATION_CONDITIONS = "DEBUG $(inherited)";
				SWIFT_OPTIMIZATION_LEVEL = "-Onone";
			};
			name = Debug;
		};
		3530C08C2F629E3F004AEA05 /* Release */ = {
			isa = XCBuildConfiguration;
			buildSettings = {
				ALWAYS_SEARCH_USER_PATHS = NO;
				ASSETCATALOG_COMPILER_GENERATE_SWIFT_ASSET_SYMBOL_EXTENSIONS = YES;
				CLANG_ANALYZER_NONNULL = YES;
				CLANG_ANALYZER_NUMBER_OBJECT_CONVERSION = YES_AGGRESSIVE;
				CLANG_CXX_LANGUAGE_STANDARD = "gnu++20";
				CLANG_ENABLE_MODULES = YES;
				CLANG_ENABLE_OBJC_ARC = YES;
				CLANG_ENABLE_OBJC_WEAK = YES;
				CLANG_WARN_BLOCK_CAPTURE_AUTORELEASING = YES;
				CLANG_WARN_BOOL_CONVERSION = YES;
				CLANG_WARN_COMMA = YES;
				CLANG_WARN_CONSTANT_CONVERSION = YES;
				CLANG_WARN_DEPRECATED_OBJC_IMPLEMENTATIONS = YES;
				CLANG_WARN_DIRECT_OBJC_ISA_USAGE = YES_ERROR;
				CLANG_WARN_DOCUMENTATION_COMMENTS = YES;
				CLANG_WARN_EMPTY_BODY = YES;
				CLANG_WARN_ENUM_CONVERSION = YES;
				CLANG_WARN_INFINITE_RECURSION = YES;
				CLANG_WARN_INT_CONVERSION = YES;
				CLANG_WARN_NON_LITERAL_NULL_CONVERSION = YES;
				CLANG_WARN_OBJC_IMPLICIT_RETAIN_SELF = YES;
				CLANG_WARN_OBJC_LITERAL_CONVERSION = YES;
				CLANG_WARN_OBJC_ROOT_CLASS = YES_ERROR;
				CLANG_WARN_QUOTED_INCLUDE_IN_FRAMEWORK_HEADER = YES;
				CLANG_WARN_RANGE_LOOP_ANALYSIS = YES;
				CLANG_WARN_STRICT_PROTOTYPES = YES;
				CLANG_WARN_SUSPICIOUS_MOVE = YES;
				CLANG_WARN_UNGUARDED_AVAILABILITY = YES_AGGRESSIVE;
				CLANG_WARN_UNREACHABLE_CODE = YES;
				CLANG_WARN__DUPLICATE_METHOD_MATCH = YES;
				COPY_PHASE_STRIP = NO;
				DEBUG_INFORMATION_FORMAT = "dwarf-with-dsym";
				DEVELOPMENT_TEAM = W8PA7WYQ5Z;
				ENABLE_NS_ASSERTIONS = NO;
				ENABLE_STRICT_OBJC_MSGSEND = YES;
				ENABLE_USER_SCRIPT_SANDBOXING = YES;
				GCC_C_LANGUAGE_STANDARD = gnu17;
				GCC_NO_COMMON_BLOCKS = YES;
				GCC_WARN_64_TO_32_BIT_CONVERSION = YES;
				GCC_WARN_ABOUT_RETURN_TYPE = YES_ERROR;
				GCC_WARN_UNDECLARED_SELECTOR = YES;
				GCC_WARN_UNINITIALIZED_AUTOS = YES_AGGRESSIVE;
				GCC_WARN_UNUSED_FUNCTION = YES;
				GCC_WARN_UNUSED_VARIABLE = YES;
				IPHONEOS_DEPLOYMENT_TARGET = 18.0;
				LOCALIZATION_PREFERS_STRING_CATALOGS = YES;
				MTL_ENABLE_DEBUG_INFO = NO;
				MTL_FAST_MATH = YES;
				SDKROOT = iphoneos;
				STRING_CATALOG_GENERATE_SYMBOLS = YES;
				SWIFT_COMPILATION_MODE = wholemodule;
				VALIDATE_PRODUCT = YES;
			};
			name = Release;
		};
		3530C08E2F629E3F004AEA05 /* Debug */ = {
			isa = XCBuildConfiguration;
			buildSettings = {
				ASSETCATALOG_COMPILER_APPICON_NAME = AppIcon;
				ASSETCATALOG_COMPILER_GLOBAL_ACCENT_COLOR_NAME = AccentColor;
				CODE_SIGN_ENTITLEMENTS = MyCalender/MyCalender.entitlements;
				CODE_SIGN_IDENTITY = "Apple Development";
				CODE_SIGN_STYLE = Automatic;
				CURRENT_PROJECT_VERSION = 1;
				DEVELOPMENT_TEAM = W8PA7WYQ5Z;
				ENABLE_PREVIEWS = YES;
				GENERATE_INFOPLIST_FILE = YES;
				INFOPLIST_FILE = MyCalender/Info.plist;
				INFOPLIST_KEY_NSLocationWhenInUseUsageDescription = "その日の天気を表示するために位置情報を使用します。";
				INFOPLIST_KEY_UIApplicationSceneManifest_Generation = YES;
				INFOPLIST_KEY_UIApplicationSupportsIndirectInputEvents = YES;
				INFOPLIST_KEY_UILaunchScreen_Generation = YES;
				INFOPLIST_KEY_UISupportedInterfaceOrientations_iPad = "UIInterfaceOrientationPortrait UIInterfaceOrientationPortraitUpsideDown UIInterfaceOrientationLandscapeLeft UIInterfaceOrientationLandscapeRight";
				INFOPLIST_KEY_UISupportedInterfaceOrientations_iPhone = "UIInterfaceOrientationPortrait UIInterfaceOrientationLandscapeLeft UIInterfaceOrientationLandscapeRight";
				INFOPLIST_KEY_UIUserInterfaceStyle = Light;
				LD_RUNPATH_SEARCH_PATHS = (
					"$(inherited)",
					"@executable_path/Frameworks",
				);
				MARKETING_VERSION = 1.0;
				PRODUCT_BUNDLE_IDENTIFIER = com.Tanaka.MyCalender;
				PRODUCT_NAME = "$(TARGET_NAME)";
				PROVISIONING_PROFILE_SPECIFIER = "";
				STRING_CATALOG_GENERATE_SYMBOLS = YES;
				SUPPORTED_PLATFORMS = "iphoneos iphonesimulator";
				SWIFT_APPROACHABLE_CONCURRENCY = YES;
				SWIFT_DEFAULT_ACTOR_ISOLATION = MainActor;
				SWIFT_EMIT_LOC_STRINGS = YES;
				SWIFT_UPCOMING_FEATURE_MEMBER_IMPORT_VISIBILITY = YES;
				SWIFT_VERSION = 5.0;
				TARGETED_DEVICE_FAMILY = "1,2";
			};
			name = Debug;
		};
		3530C08F2F629E3F004AEA05 /* Release */ = {
			isa = XCBuildConfiguration;
			buildSettings = {
				ASSETCATALOG_COMPILER_APPICON_NAME = AppIcon;
				ASSETCATALOG_COMPILER_GLOBAL_ACCENT_COLOR_NAME = AccentColor;
				CODE_SIGN_ENTITLEMENTS = MyCalender/MyCalender.entitlements;
				CODE_SIGN_IDENTITY = "Apple Development";
				CODE_SIGN_STYLE = Automatic;
				CURRENT_PROJECT_VERSION = 1;
				DEVELOPMENT_TEAM = W8PA7WYQ5Z;
				ENABLE_PREVIEWS = YES;
				GENERATE_INFOPLIST_FILE = YES;
				INFOPLIST_FILE = MyCalender/Info.plist;
				INFOPLIST_KEY_NSLocationWhenInUseUsageDescription = "その日の天気を表示するために位置情報を使用します。";
				INFOPLIST_KEY_UIApplicationSceneManifest_Generation = YES;
				INFOPLIST_KEY_UIApplicationSupportsIndirectInputEvents = YES;
				INFOPLIST_KEY_UILaunchScreen_Generation = YES;
				INFOPLIST_KEY_UISupportedInterfaceOrientations_iPad = "UIInterfaceOrientationPortrait UIInterfaceOrientationPortraitUpsideDown UIInterfaceOrientationLandscapeLeft UIInterfaceOrientationLandscapeRight";
				INFOPLIST_KEY_UISupportedInterfaceOrientations_iPhone = "UIInterfaceOrientationPortrait UIInterfaceOrientationLandscapeLeft UIInterfaceOrientationLandscapeRight";
				INFOPLIST_KEY_UIUserInterfaceStyle = Light;
				LD_RUNPATH_SEARCH_PATHS = (
					"$(inherited)",
					"@executable_path/Frameworks",
				);
				MARKETING_VERSION = 1.0;
				PRODUCT_BUNDLE_IDENTIFIER = com.Tanaka.MyCalender;
				PRODUCT_NAME = "$(TARGET_NAME)";
				PROVISIONING_PROFILE_SPECIFIER = "";
				STRING_CATALOG_GENERATE_SYMBOLS = YES;
				SUPPORTED_PLATFORMS = "iphoneos iphonesimulator";
				SWIFT_APPROACHABLE_CONCURRENCY = YES;
				SWIFT_DEFAULT_ACTOR_ISOLATION = MainActor;
				SWIFT_EMIT_LOC_STRINGS = YES;
				SWIFT_UPCOMING_FEATURE_MEMBER_IMPORT_VISIBILITY = YES;
				SWIFT_VERSION = 5.0;
				TARGETED_DEVICE_FAMILY = "1,2";
			};
			name = Release;
		};
		357AFB0B2F632A3C001CFB26 /* Debug */ = {
			isa = XCBuildConfiguration;
			buildSettings = {
				ASSETCATALOG_COMPILER_GLOBAL_ACCENT_COLOR_NAME = AccentColor;
				ASSETCATALOG_COMPILER_WIDGET_BACKGROUND_COLOR_NAME = WidgetBackground;
				CODE_SIGN_STYLE = Automatic;
				CURRENT_PROJECT_VERSION = 1;
				DEVELOPMENT_TEAM = W8PA7WYQ5Z;
				GENERATE_INFOPLIST_FILE = YES;
				INFOPLIST_FILE = mycalenderwidget/Info.plist;
				INFOPLIST_KEY_CFBundleDisplayName = mycalenderwidget;
				INFOPLIST_KEY_NSHumanReadableCopyright = "";
				IPHONEOS_DEPLOYMENT_TARGET = 26.2;
				LD_RUNPATH_SEARCH_PATHS = (
					"$(inherited)",
					"@executable_path/Frameworks",
					"@executable_path/../../Frameworks",
				);
				MARKETING_VERSION = 1.0;
				PRODUCT_BUNDLE_IDENTIFIER = com.Tanaka.MyCalender.mycalenderwidget;
				PRODUCT_NAME = "$(TARGET_NAME)";
				SKIP_INSTALL = YES;
				STRING_CATALOG_GENERATE_SYMBOLS = YES;
				SWIFT_APPROACHABLE_CONCURRENCY = YES;
				SWIFT_EMIT_LOC_STRINGS = YES;
				SWIFT_UPCOMING_FEATURE_MEMBER_IMPORT_VISIBILITY = YES;
				SWIFT_VERSION = 5.0;
				TARGETED_DEVICE_FAMILY = "1,2";
			};
			name = Debug;
		};
		357AFB0C2F632A3C001CFB26 /* Release */ = {
			isa = XCBuildConfiguration;
			buildSettings = {
				ASSETCATALOG_COMPILER_GLOBAL_ACCENT_COLOR_NAME = AccentColor;
				ASSETCATALOG_COMPILER_WIDGET_BACKGROUND_COLOR_NAME = WidgetBackground;
				CODE_SIGN_STYLE = Automatic;
				CURRENT_PROJECT_VERSION = 1;
				DEVELOPMENT_TEAM = W8PA7WYQ5Z;
				GENERATE_INFOPLIST_FILE = YES;
				INFOPLIST_FILE = mycalenderwidget/Info.plist;
				INFOPLIST_KEY_CFBundleDisplayName = mycalenderwidget;
				INFOPLIST_KEY_NSHumanReadableCopyright = "";
				IPHONEOS_DEPLOYMENT_TARGET = 26.2;
				LD_RUNPATH_SEARCH_PATHS = (
					"$(inherited)",
					"@executable_path/Frameworks",
					"@executable_path/../../Frameworks",
				);
				MARKETING_VERSION = 1.0;
				PRODUCT_BUNDLE_IDENTIFIER = com.Tanaka.MyCalender.mycalenderwidget;
				PRODUCT_NAME = "$(TARGET_NAME)";
				SKIP_INSTALL = YES;
				STRING_CATALOG_GENERATE_SYMBOLS = YES;
				SWIFT_APPROACHABLE_CONCURRENCY = YES;
				SWIFT_EMIT_LOC_STRINGS = YES;
				SWIFT_UPCOMING_FEATURE_MEMBER_IMPORT_VISIBILITY = YES;
				SWIFT_VERSION = 5.0;
				TARGETED_DEVICE_FAMILY = "1,2";
			};
			name = Release;
		};
/* End XCBuildConfiguration section */

/* Begin XCConfigurationList section */
		3530C07D2F629E3D004AEA05 /* Build configuration list for PBXProject "MyCalender" */ = {
			isa = XCConfigurationList;
			buildConfigurations = (
				3530C08B2F629E3F004AEA05 /* Debug */,
				3530C08C2F629E3F004AEA05 /* Release */,
			);
			defaultConfigurationIsVisible = 0;
			defaultConfigurationName = Release;
		};
		3530C08D2F629E3F004AEA05 /* Build configuration list for PBXNativeTarget "MyCalender" */ = {
			isa = XCConfigurationList;
			buildConfigurations = (
				3530C08E2F629E3F004AEA05 /* Debug */,
				3530C08F2F629E3F004AEA05 /* Release */,
			);
			defaultConfigurationIsVisible = 0;
			defaultConfigurationName = Release;
		};
		357AFB0A2F632A3C001CFB26 /* Build configuration list for PBXNativeTarget "mycalenderwidgetExtension" */ = {
			isa = XCConfigurationList;
			buildConfigurations = (
				357AFB0B2F632A3C001CFB26 /* Debug */,
				357AFB0C2F632A3C001CFB26 /* Release */,
			);
			defaultConfigurationIsVisible = 0;
			defaultConfigurationName = Release;
		};
/* End XCConfigurationList section */

/* Begin XCRemoteSwiftPackageReference section */
		3530C0902F629EB3004AEA05 /* XCRemoteSwiftPackageReference "firebase-ios-sdk" */ = {
			isa = XCRemoteSwiftPackageReference;
			repositoryURL = "https://github.com/firebase/firebase-ios-sdk";
			requirement = {
				kind = upToNextMajorVersion;
				minimumVersion = 12.10.0;
			};
		};
		357AFAE92F631C45001CFB26 /* XCRemoteSwiftPackageReference "SwiftFormat" */ = {
			isa = XCRemoteSwiftPackageReference;
			repositoryURL = "https://github.com/nicklockwood/SwiftFormat";
			requirement = {
				kind = upToNextMajorVersion;
				minimumVersion = 0.60.1;
			};
		};
/* End XCRemoteSwiftPackageReference section */

/* Begin XCSwiftPackageProductDependency section */
		3530C0912F629EB3004AEA05 /* FirebaseAI */ = {
			isa = XCSwiftPackageProductDependency;
			package = 3530C0902F629EB3004AEA05 /* XCRemoteSwiftPackageReference "firebase-ios-sdk" */;
			productName = FirebaseAI;
		};
		3530C0932F629EB3004AEA05 /* FirebaseAILogic */ = {
			isa = XCSwiftPackageProductDependency;
			package = 3530C0902F629EB3004AEA05 /* XCRemoteSwiftPackageReference "firebase-ios-sdk" */;
			productName = FirebaseAILogic;
		};
		3530C0952F629EB3004AEA05 /* FirebaseAnalytics */ = {
			isa = XCSwiftPackageProductDependency;
			package = 3530C0902F629EB3004AEA05 /* XCRemoteSwiftPackageReference "firebase-ios-sdk" */;
			productName = FirebaseAnalytics;
		};
		3530C0972F629EB3004AEA05 /* FirebaseAnalyticsCore */ = {
			isa = XCSwiftPackageProductDependency;
			package = 3530C0902F629EB3004AEA05 /* XCRemoteSwiftPackageReference "firebase-ios-sdk" */;
			productName = FirebaseAnalyticsCore;
		};
		3530C0992F629EB3004AEA05 /* FirebaseAnalyticsIdentitySupport */ = {
			isa = XCSwiftPackageProductDependency;
			package = 3530C0902F629EB3004AEA05 /* XCRemoteSwiftPackageReference "firebase-ios-sdk" */;
			productName = FirebaseAnalyticsIdentitySupport;
		};
		3530C09B2F629EB3004AEA05 /* FirebaseAppCheck */ = {
			isa = XCSwiftPackageProductDependency;
			package = 3530C0902F629EB3004AEA05 /* XCRemoteSwiftPackageReference "firebase-ios-sdk" */;
			productName = FirebaseAppCheck;
		};
		3530C09D2F629EB3004AEA05 /* FirebaseAppDistribution-Beta */ = {
			isa = XCSwiftPackageProductDependency;
			package = 3530C0902F629EB3004AEA05 /* XCRemoteSwiftPackageReference "firebase-ios-sdk" */;
			productName = "FirebaseAppDistribution-Beta";
		};
		3530C09F2F629EB3004AEA05 /* FirebaseAuth */ = {
			isa = XCSwiftPackageProductDependency;
			package = 3530C0902F629EB3004AEA05 /* XCRemoteSwiftPackageReference "firebase-ios-sdk" */;
			productName = FirebaseAuth;
		};
		3530C0A12F629EB3004AEA05 /* FirebaseAuthCombine-Community */ = {
			isa = XCSwiftPackageProductDependency;
			package = 3530C0902F629EB3004AEA05 /* XCRemoteSwiftPackageReference "firebase-ios-sdk" */;
			productName = "FirebaseAuthCombine-Community";
		};
		3530C0A32F629EB3004AEA05 /* FirebaseCore */ = {
			isa = XCSwiftPackageProductDependency;
			package = 3530C0902F629EB3004AEA05 /* XCRemoteSwiftPackageReference "firebase-ios-sdk" */;
			productName = FirebaseCore;
		};
		3530C0A52F629EB3004AEA05 /* FirebaseCrashlytics */ = {
			isa = XCSwiftPackageProductDependency;
			package = 3530C0902F629EB3004AEA05 /* XCRemoteSwiftPackageReference "firebase-ios-sdk" */;
			productName = FirebaseCrashlytics;
		};
		3530C0A72F629EB3004AEA05 /* FirebaseDatabase */ = {
			isa = XCSwiftPackageProductDependency;
			package = 3530C0902F629EB3004AEA05 /* XCRemoteSwiftPackageReference "firebase-ios-sdk" */;
			productName = FirebaseDatabase;
		};
		3530C0A92F629EB3004AEA05 /* FirebaseFirestore */ = {
			isa = XCSwiftPackageProductDependency;
			package = 3530C0902F629EB3004AEA05 /* XCRemoteSwiftPackageReference "firebase-ios-sdk" */;
			productName = FirebaseFirestore;
		};
		3530C0AB2F629EB3004AEA05 /* FirebaseFirestoreCombine-Community */ = {
			isa = XCSwiftPackageProductDependency;
			package = 3530C0902F629EB3004AEA05 /* XCRemoteSwiftPackageReference "firebase-ios-sdk" */;
			productName = "FirebaseFirestoreCombine-Community";
		};
		3530C0AD2F629EB4004AEA05 /* FirebaseFunctions */ = {
			isa = XCSwiftPackageProductDependency;
			package = 3530C0902F629EB3004AEA05 /* XCRemoteSwiftPackageReference "firebase-ios-sdk" */;
			productName = FirebaseFunctions;
		};
		3530C0AF2F629EB4004AEA05 /* FirebaseFunctionsCombine-Community */ = {
			isa = XCSwiftPackageProductDependency;
			package = 3530C0902F629EB3004AEA05 /* XCRemoteSwiftPackageReference "firebase-ios-sdk" */;
			productName = "FirebaseFunctionsCombine-Community";
		};
		3530C0B32F629EB4004AEA05 /* FirebaseInstallations */ = {
			isa = XCSwiftPackageProductDependency;
			package = 3530C0902F629EB3004AEA05 /* XCRemoteSwiftPackageReference "firebase-ios-sdk" */;
			productName = FirebaseInstallations;
		};
		3530C0B52F629EB4004AEA05 /* FirebaseMLModelDownloader */ = {
			isa = XCSwiftPackageProductDependency;
			package = 3530C0902F629EB3004AEA05 /* XCRemoteSwiftPackageReference "firebase-ios-sdk" */;
			productName = FirebaseMLModelDownloader;
		};
		3530C0B72F629EB4004AEA05 /* FirebaseMessaging */ = {
			isa = XCSwiftPackageProductDependency;
			package = 3530C0902F629EB3004AEA05 /* XCRemoteSwiftPackageReference "firebase-ios-sdk" */;
			productName = FirebaseMessaging;
		};
		3530C0B92F629EB4004AEA05 /* FirebasePerformance */ = {
			isa = XCSwiftPackageProductDependency;
			package = 3530C0902F629EB3004AEA05 /* XCRemoteSwiftPackageReference "firebase-ios-sdk" */;
			productName = FirebasePerformance;
		};
		3530C0BB2F629EB4004AEA05 /* FirebaseRemoteConfig */ = {
			isa = XCSwiftPackageProductDependency;
			package = 3530C0902F629EB3004AEA05 /* XCRemoteSwiftPackageReference "firebase-ios-sdk" */;
			productName = FirebaseRemoteConfig;
		};
		3530C0BD2F629EB4004AEA05 /* FirebaseStorage */ = {
			isa = XCSwiftPackageProductDependency;
			package = 3530C0902F629EB3004AEA05 /* XCRemoteSwiftPackageReference "firebase-ios-sdk" */;
			productName = FirebaseStorage;
		};
		3530C0BF2F629EB4004AEA05 /* FirebaseStorageCombine-Community */ = {
			isa = XCSwiftPackageProductDependency;
			package = 3530C0902F629EB3004AEA05 /* XCRemoteSwiftPackageReference "firebase-ios-sdk" */;
			productName = "FirebaseStorageCombine-Community";
		};
		357AFAEA2F631C45001CFB26 /* SwiftFormat */ = {
			isa = XCSwiftPackageProductDependency;
			package = 357AFAE92F631C45001CFB26 /* XCRemoteSwiftPackageReference "SwiftFormat" */;
			productName = SwiftFormat;
		};
/* End XCSwiftPackageProductDependency section */
	};
	rootObject = 3530C07A2F629E3D004AEA05 /* Project object */;
}
